// !$*UTF8*$!
{
	archiveVersion = 1;
	classes = {
	};
	objectVersion = 46;
	objects = {

/* Begin PBXBuildFile section */
		AA5096FA1849B3890088B0AE /* Foundation.framework in Frameworks */ = {isa = PBXBuildFile; fileRef = AA5096F91849B3890088B0AE /* Foundation.framework */; };
		AA5096FC1849B3890088B0AE /* CoreGraphics.framework in Frameworks */ = {isa = PBXBuildFile; fileRef = AA5096FB1849B3890088B0AE /* CoreGraphics.framework */; };
		AA5096FE1849B3890088B0AE /* UIKit.framework in Frameworks */ = {isa = PBXBuildFile; fileRef = AA5096FD1849B3890088B0AE /* UIKit.framework */; };
		AA5097041849B3890088B0AE /* InfoPlist.strings in Resources */ = {isa = PBXBuildFile; fileRef = AA5097021849B3890088B0AE /* InfoPlist.strings */; };
		AA5097061849B3890088B0AE /* main.m in Sources */ = {isa = PBXBuildFile; fileRef = AA5097051849B3890088B0AE /* main.m */; };
		AA50970A1849B3890088B0AE /* EVAppDelegate.m in Sources */ = {isa = PBXBuildFile; fileRef = AA5097091849B3890088B0AE /* EVAppDelegate.m */; };
		AA50970D1849B3890088B0AE /* Main.storyboard in Resources */ = {isa = PBXBuildFile; fileRef = AA50970B1849B3890088B0AE /* Main.storyboard */; };
		AA5097121849B3890088B0AE /* Images.xcassets in Resources */ = {isa = PBXBuildFile; fileRef = AA5097111849B3890088B0AE /* Images.xcassets */; };
		AA5097191849B3890088B0AE /* XCTest.framework in Frameworks */ = {isa = PBXBuildFile; fileRef = AA5097181849B3890088B0AE /* XCTest.framework */; };
		AA50971A1849B3890088B0AE /* Foundation.framework in Frameworks */ = {isa = PBXBuildFile; fileRef = AA5096F91849B3890088B0AE /* Foundation.framework */; };
		AA50971B1849B3890088B0AE /* UIKit.framework in Frameworks */ = {isa = PBXBuildFile; fileRef = AA5096FD1849B3890088B0AE /* UIKit.framework */; };
		AA5097231849B3890088B0AE /* InfoPlist.strings in Resources */ = {isa = PBXBuildFile; fileRef = AA5097211849B3890088B0AE /* InfoPlist.strings */; };
		AA5097331849B39D0088B0AE /* EVViewController.m in Sources */ = {isa = PBXBuildFile; fileRef = AA50972F1849B39D0088B0AE /* EVViewController.m */; };
		AA50973F1849B6E90088B0AE /* README.md in Resources */ = {isa = PBXBuildFile; fileRef = AA50973C1849B6E90088B0AE /* README.md */; };
		AA5097401849B6E90088B0AE /* NSLayoutConstraint+SimpleFormatLanguage.m in Sources */ = {isa = PBXBuildFile; fileRef = AA50973D1849B6E90088B0AE /* NSLayoutConstraint+SimpleFormatLanguage.m */; };
		AA7C87F11909ABDE0017C7FA /* EVSimpleFormatLanguageTests.m in Sources */ = {isa = PBXBuildFile; fileRef = AA7C87F01909ABDE0017C7FA /* EVSimpleFormatLanguageTests.m */; };
/* End PBXBuildFile section */

/* Begin PBXContainerItemProxy section */
		AA50971C1849B3890088B0AE /* PBXContainerItemProxy */ = {
			isa = PBXContainerItemProxy;
			containerPortal = AA5096EE1849B3890088B0AE /* Project object */;
			proxyType = 1;
			remoteGlobalIDString = AA5096F51849B3890088B0AE;
			remoteInfo = Example;
		};
/* End PBXContainerItemProxy section */

/* Begin PBXFileReference section */
		AA5096F61849B3890088B0AE /* Example.app */ = {isa = PBXFileReference; explicitFileType = wrapper.application; includeInIndex = 0; path = Example.app; sourceTree = BUILT_PRODUCTS_DIR; };
		AA5096F91849B3890088B0AE /* Foundation.framework */ = {isa = PBXFileReference; lastKnownFileType = wrapper.framework; name = Foundation.framework; path = System/Library/Frameworks/Foundation.framework; sourceTree = SDKROOT; };
		AA5096FB1849B3890088B0AE /* CoreGraphics.framework */ = {isa = PBXFileReference; lastKnownFileType = wrapper.framework; name = CoreGraphics.framework; path = System/Library/Frameworks/CoreGraphics.framework; sourceTree = SDKROOT; };
		AA5096FD1849B3890088B0AE /* UIKit.framework */ = {isa = PBXFileReference; lastKnownFileType = wrapper.framework; name = UIKit.framework; path = System/Library/Frameworks/UIKit.framework; sourceTree = SDKROOT; };
		AA5097011849B3890088B0AE /* Example-Info.plist */ = {isa = PBXFileReference; lastKnownFileType = text.plist.xml; path = "Example-Info.plist"; sourceTree = "<group>"; };
		AA5097031849B3890088B0AE /* en */ = {isa = PBXFileReference; lastKnownFileType = text.plist.strings; name = en; path = en.lproj/InfoPlist.strings; sourceTree = "<group>"; };
		AA5097051849B3890088B0AE /* main.m */ = {isa = PBXFileReference; lastKnownFileType = sourcecode.c.objc; path = main.m; sourceTree = "<group>"; };
		AA5097071849B3890088B0AE /* Example-Prefix.pch */ = {isa = PBXFileReference; lastKnownFileType = sourcecode.c.h; path = "Example-Prefix.pch"; sourceTree = "<group>"; };
		AA5097081849B3890088B0AE /* EVAppDelegate.h */ = {isa = PBXFileReference; lastKnownFileType = sourcecode.c.h; path = EVAppDelegate.h; sourceTree = "<group>"; };
		AA5097091849B3890088B0AE /* EVAppDelegate.m */ = {isa = PBXFileReference; lastKnownFileType = sourcecode.c.objc; path = EVAppDelegate.m; sourceTree = "<group>"; };
		AA50970C1849B3890088B0AE /* Base */ = {isa = PBXFileReference; lastKnownFileType = file.storyboard; name = Base; path = Base.lproj/Main.storyboard; sourceTree = "<group>"; };
		AA5097111849B3890088B0AE /* Images.xcassets */ = {isa = PBXFileReference; lastKnownFileType = folder.assetcatalog; path = Images.xcassets; sourceTree = "<group>"; };
		AA5097171849B3890088B0AE /* ExampleTests.xctest */ = {isa = PBXFileReference; explicitFileType = wrapper.cfbundle; includeInIndex = 0; path = ExampleTests.xctest; sourceTree = BUILT_PRODUCTS_DIR; };
		AA5097181849B3890088B0AE /* XCTest.framework */ = {isa = PBXFileReference; lastKnownFileType = wrapper.framework; name = XCTest.framework; path = Library/Frameworks/XCTest.framework; sourceTree = DEVELOPER_DIR; };
		AA5097201849B3890088B0AE /* ExampleTests-Info.plist */ = {isa = PBXFileReference; lastKnownFileType = text.plist.xml; path = "ExampleTests-Info.plist"; sourceTree = "<group>"; };
		AA5097221849B3890088B0AE /* en */ = {isa = PBXFileReference; lastKnownFileType = text.plist.strings; name = en; path = en.lproj/InfoPlist.strings; sourceTree = "<group>"; };
		AA50972E1849B39D0088B0AE /* EVViewController.h */ = {isa = PBXFileReference; fileEncoding = 4; lastKnownFileType = sourcecode.c.h; path = EVViewController.h; sourceTree = "<group>"; };
		AA50972F1849B39D0088B0AE /* EVViewController.m */ = {isa = PBXFileReference; fileEncoding = 4; lastKnownFileType = sourcecode.c.objc; path = EVViewController.m; sourceTree = "<group>"; };
		AA50973C1849B6E90088B0AE /* README.md */ = {isa = PBXFileReference; fileEncoding = 4; lastKnownFileType = text; name = README.md; path = ../../README.md; sourceTree = "<group>"; };
		AA50973D1849B6E90088B0AE /* NSLayoutConstraint+SimpleFormatLanguage.m */ = {isa = PBXFileReference; fileEncoding = 4; lastKnownFileType = sourcecode.c.objc; name = "NSLayoutConstraint+SimpleFormatLanguage.m"; path = "../../NSLayoutConstraint+SimpleFormatLanguage.m"; sourceTree = "<group>"; };
		AA50973E1849B6E90088B0AE /* NSLayoutConstraint+SimpleFormatLanguage.h */ = {isa = PBXFileReference; fileEncoding = 4; lastKnownFileType = sourcecode.c.h; name = "NSLayoutConstraint+SimpleFormatLanguage.h"; path = "../../NSLayoutConstraint+SimpleFormatLanguage.h"; sourceTree = "<group>"; };
		AA7C87F01909ABDE0017C7FA /* EVSimpleFormatLanguageTests.m */ = {isa = PBXFileReference; fileEncoding = 4; lastKnownFileType = sourcecode.c.objc; path = EVSimpleFormatLanguageTests.m; sourceTree = "<group>"; };
/* End PBXFileReference section */

/* Begin PBXFrameworksBuildPhase section */
		AA5096F31849B3890088B0AE /* Frameworks */ = {
			isa = PBXFrameworksBuildPhase;
			buildActionMask = 2147483647;
			files = (
				AA5096FC1849B3890088B0AE /* CoreGraphics.framework in Frameworks */,
				AA5096FE1849B3890088B0AE /* UIKit.framework in Frameworks */,
				AA5096FA1849B3890088B0AE /* Foundation.framework in Frameworks */,
			);
			runOnlyForDeploymentPostprocessing = 0;
		};
		AA5097141849B3890088B0AE /* Frameworks */ = {
			isa = PBXFrameworksBuildPhase;
			buildActionMask = 2147483647;
			files = (
				AA5097191849B3890088B0AE /* XCTest.framework in Frameworks */,
				AA50971B1849B3890088B0AE /* UIKit.framework in Frameworks */,
				AA50971A1849B3890088B0AE /* Foundation.framework in Frameworks */,
			);
			runOnlyForDeploymentPostprocessing = 0;
		};
/* End PBXFrameworksBuildPhase section */

/* Begin PBXGroup section */
		AA5096ED1849B3890088B0AE = {
			isa = PBXGroup;
			children = (
				AA5096FF1849B3890088B0AE /* Example */,
				AA50971E1849B3890088B0AE /* ExampleTests */,
				AA5096F81849B3890088B0AE /* Frameworks */,
				AA5096F71849B3890088B0AE /* Products */,
			);
			sourceTree = "<group>";
		};
		AA5096F71849B3890088B0AE /* Products */ = {
			isa = PBXGroup;
			children = (
				AA5096F61849B3890088B0AE /* Example.app */,
				AA5097171849B3890088B0AE /* ExampleTests.xctest */,
			);
			name = Products;
			sourceTree = "<group>";
		};
		AA5096F81849B3890088B0AE /* Frameworks */ = {
			isa = PBXGroup;
			children = (
				AA5096F91849B3890088B0AE /* Foundation.framework */,
				AA5096FB1849B3890088B0AE /* CoreGraphics.framework */,
				AA5096FD1849B3890088B0AE /* UIKit.framework */,
				AA5097181849B3890088B0AE /* XCTest.framework */,
			);
			name = Frameworks;
			sourceTree = "<group>";
		};
		AA5096FF1849B3890088B0AE /* Example */ = {
			isa = PBXGroup;
			children = (
				AA5097361849B3AA0088B0AE /* Simple Format Language */,
				AA5097081849B3890088B0AE /* EVAppDelegate.h */,
				AA5097091849B3890088B0AE /* EVAppDelegate.m */,
				AA50970B1849B3890088B0AE /* Main.storyboard */,
				AA50972E1849B39D0088B0AE /* EVViewController.h */,
				AA50972F1849B39D0088B0AE /* EVViewController.m */,
				AA5097111849B3890088B0AE /* Images.xcassets */,
				AA5097001849B3890088B0AE /* Supporting Files */,
			);
			path = Example;
			sourceTree = "<group>";
		};
		AA5097001849B3890088B0AE /* Supporting Files */ = {
			isa = PBXGroup;
			children = (
				AA5097011849B3890088B0AE /* Example-Info.plist */,
				AA5097021849B3890088B0AE /* InfoPlist.strings */,
				AA5097051849B3890088B0AE /* main.m */,
				AA5097071849B3890088B0AE /* Example-Prefix.pch */,
			);
			name = "Supporting Files";
			sourceTree = "<group>";
		};
		AA50971E1849B3890088B0AE /* ExampleTests */ = {
			isa = PBXGroup;
			children = (
				AA50971F1849B3890088B0AE /* Supporting Files */,
				AA7C87F01909ABDE0017C7FA /* EVSimpleFormatLanguageTests.m */,
			);
			path = ExampleTests;
			sourceTree = "<group>";
		};
		AA50971F1849B3890088B0AE /* Supporting Files */ = {
			isa = PBXGroup;
			children = (
				AA5097201849B3890088B0AE /* ExampleTests-Info.plist */,
				AA5097211849B3890088B0AE /* InfoPlist.strings */,
			);
			name = "Supporting Files";
			sourceTree = "<group>";
		};
		AA5097361849B3AA0088B0AE /* Simple Format Language */ = {
			isa = PBXGroup;
			children = (
				AA50973C1849B6E90088B0AE /* README.md */,
				AA50973E1849B6E90088B0AE /* NSLayoutConstraint+SimpleFormatLanguage.h */,
				AA50973D1849B6E90088B0AE /* NSLayoutConstraint+SimpleFormatLanguage.m */,
			);
			name = "Simple Format Language";
			sourceTree = "<group>";
		};
/* End PBXGroup section */

/* Begin PBXNativeTarget section */
		AA5096F51849B3890088B0AE /* Example */ = {
			isa = PBXNativeTarget;
			buildConfigurationList = AA5097281849B3890088B0AE /* Build configuration list for PBXNativeTarget "Example" */;
			buildPhases = (
				AA5096F21849B3890088B0AE /* Sources */,
				AA5096F31849B3890088B0AE /* Frameworks */,
				AA5096F41849B3890088B0AE /* Resources */,
			);
			buildRules = (
			);
			dependencies = (
			);
			name = Example;
			productName = Example;
			productReference = AA5096F61849B3890088B0AE /* Example.app */;
			productType = "com.apple.product-type.application";
		};
		AA5097161849B3890088B0AE /* ExampleTests */ = {
			isa = PBXNativeTarget;
			buildConfigurationList = AA50972B1849B3890088B0AE /* Build configuration list for PBXNativeTarget "ExampleTests" */;
			buildPhases = (
				AA5097131849B3890088B0AE /* Sources */,
				AA5097141849B3890088B0AE /* Frameworks */,
				AA5097151849B3890088B0AE /* Resources */,
			);
			buildRules = (
			);
			dependencies = (
				AA50971D1849B3890088B0AE /* PBXTargetDependency */,
			);
			name = ExampleTests;
			productName = ExampleTests;
			productReference = AA5097171849B3890088B0AE /* ExampleTests.xctest */;
			productType = "com.apple.product-type.bundle.unit-test";
		};
/* End PBXNativeTarget section */

/* Begin PBXProject section */
		AA5096EE1849B3890088B0AE /* Project object */ = {
			isa = PBXProject;
			attributes = {
				CLASSPREFIX = EV;
				LastUpgradeCheck = 0500;
				ORGANIZATIONNAME = "Ethan James Vaughan";
				TargetAttributes = {
					AA5097161849B3890088B0AE = {
						TestTargetID = AA5096F51849B3890088B0AE;
					};
				};
			};
			buildConfigurationList = AA5096F11849B3890088B0AE /* Build configuration list for PBXProject "Example" */;
			compatibilityVersion = "Xcode 3.2";
			developmentRegion = English;
			hasScannedForEncodings = 0;
			knownRegions = (
				en,
				Base,
			);
			mainGroup = AA5096ED1849B3890088B0AE;
			productRefGroup = AA5096F71849B3890088B0AE /* Products */;
			projectDirPath = "";
			projectRoot = "";
			targets = (
				AA5096F51849B3890088B0AE /* Example */,
				AA5097161849B3890088B0AE /* ExampleTests */,
			);
		};
/* End PBXProject section */

/* Begin PBXResourcesBuildPhase section */
		AA5096F41849B3890088B0AE /* Resources */ = {
			isa = PBXResourcesBuildPhase;
			buildActionMask = 2147483647;
			files = (
				AA5097121849B3890088B0AE /* Images.xcassets in Resources */,
				AA5097041849B3890088B0AE /* InfoPlist.strings in Resources */,
				AA50973F1849B6E90088B0AE /* README.md in Resources */,
				AA50970D1849B3890088B0AE /* Main.storyboard in Resources */,
			);
			runOnlyForDeploymentPostprocessing = 0;
		};
		AA5097151849B3890088B0AE /* Resources */ = {
			isa = PBXResourcesBuildPhase;
			buildActionMask = 2147483647;
			files = (
				AA5097231849B3890088B0AE /* InfoPlist.strings in Resources */,
			);
			runOnlyForDeploymentPostprocessing = 0;
		};
/* End PBXResourcesBuildPhase section */

/* Begin PBXSourcesBuildPhase section */
		AA5096F21849B3890088B0AE /* Sources */ = {
			isa = PBXSourcesBuildPhase;
			buildActionMask = 2147483647;
			files = (
				AA5097331849B39D0088B0AE /* EVViewController.m in Sources */,
				AA5097061849B3890088B0AE /* main.m in Sources */,
				AA5097401849B6E90088B0AE /* NSLayoutConstraint+SimpleFormatLanguage.m in Sources */,
				AA50970A1849B3890088B0AE /* EVAppDelegate.m in Sources */,
			);
			runOnlyForDeploymentPostprocessing = 0;
		};
		AA5097131849B3890088B0AE /* Sources */ = {
			isa = PBXSourcesBuildPhase;
			buildActionMask = 2147483647;
			files = (
				AA7C87F11909ABDE0017C7FA /* EVSimpleFormatLanguageTests.m in Sources */,
			);
			runOnlyForDeploymentPostprocessing = 0;
		};
/* End PBXSourcesBuildPhase section */

/* Begin PBXTargetDependency section */
		AA50971D1849B3890088B0AE /* PBXTargetDependency */ = {
			isa = PBXTargetDependency;
			target = AA5096F51849B3890088B0AE /* Example */;
			targetProxy = AA50971C1849B3890088B0AE /* PBXContainerItemProxy */;
		};
/* End PBXTargetDependency section */

/* Begin PBXVariantGroup section */
		AA5097021849B3890088B0AE /* InfoPlist.strings */ = {
			isa = PBXVariantGroup;
			children = (
				AA5097031849B3890088B0AE /* en */,
			);
			name = InfoPlist.strings;
			sourceTree = "<group>";
		};
		AA50970B1849B3890088B0AE /* Main.storyboard */ = {
			isa = PBXVariantGroup;
			children = (
				AA50970C1849B3890088B0AE /* Base */,
			);
			name = Main.storyboard;
			sourceTree = "<group>";
		};
		AA5097211849B3890088B0AE /* InfoPlist.strings */ = {
			isa = PBXVariantGroup;
			children = (
				AA5097221849B3890088B0AE /* en */,
			);
			name = InfoPlist.strings;
			sourceTree = "<group>";
		};
/* End PBXVariantGroup section */

/* Begin XCBuildConfiguration section */
		AA5097261849B3890088B0AE /* Debug */ = {
			isa = XCBuildConfiguration;
			buildSettings = {
				ALWAYS_SEARCH_USER_PATHS = NO;
				ARCHS = "$(ARCHS_STANDARD_INCLUDING_64_BIT)";
				CLANG_CXX_LANGUAGE_STANDARD = "gnu++0x";
				CLANG_CXX_LIBRARY = "libc++";
				CLANG_ENABLE_MODULES = YES;
				CLANG_ENABLE_OBJC_ARC = YES;
				CLANG_WARN_BOOL_CONVERSION = YES;
				CLANG_WARN_CONSTANT_CONVERSION = YES;
				CLANG_WARN_DIRECT_OBJC_ISA_USAGE = YES_ERROR;
				CLANG_WARN_EMPTY_BODY = YES;
				CLANG_WARN_ENUM_CONVERSION = YES;
				CLANG_WARN_INT_CONVERSION = YES;
				CLANG_WARN_OBJC_ROOT_CLASS = YES_ERROR;
				CLANG_WARN__DUPLICATE_METHOD_MATCH = YES;
				"CODE_SIGN_IDENTITY[sdk=iphoneos*]" = "iPhone Developer";
				COPY_PHASE_STRIP = NO;
				GCC_C_LANGUAGE_STANDARD = gnu99;
				GCC_DYNAMIC_NO_PIC = NO;
				GCC_OPTIMIZATION_LEVEL = 0;
				GCC_PREPROCESSOR_DEFINITIONS = (
					"DEBUG=1",
					"$(inherited)",
				);
				GCC_SYMBOLS_PRIVATE_EXTERN = NO;
				GCC_WARN_64_TO_32_BIT_CONVERSION = YES;
				GCC_WARN_ABOUT_RETURN_TYPE = YES_ERROR;
				GCC_WARN_UNDECLARED_SELECTOR = YES;
				GCC_WARN_UNINITIALIZED_AUTOS = YES;
				GCC_WARN_UNUSED_FUNCTION = YES;
				GCC_WARN_UNUSED_VARIABLE = YES;
				IPHONEOS_DEPLOYMENT_TARGET = 7.0;
				ONLY_ACTIVE_ARCH = YES;
				SDKROOT = iphoneos;
			};
			name = Debug;
		};
		AA5097271849B3890088B0AE /* Release */ = {
			isa = XCBuildConfiguration;
			buildSettings = {
				ALWAYS_SEARCH_USER_PATHS = NO;
				ARCHS = "$(ARCHS_STANDARD_INCLUDING_64_BIT)";
				CLANG_CXX_LANGUAGE_STANDARD = "gnu++0x";
				CLANG_CXX_LIBRARY = "libc++";
				CLANG_ENABLE_MODULES = YES;
				CLANG_ENABLE_OBJC_ARC = YES;
				CLANG_WARN_BOOL_CONVERSION = YES;
				CLANG_WARN_CONSTANT_CONVERSION = YES;
				CLANG_WARN_DIRECT_OBJC_ISA_USAGE = YES_ERROR;
				CLANG_WARN_EMPTY_BODY = YES;
				CLANG_WARN_ENUM_CONVERSION = YES;
				CLANG_WARN_INT_CONVERSION = YES;
				CLANG_WARN_OBJC_ROOT_CLASS = YES_ERROR;
				CLANG_WARN__DUPLICATE_METHOD_MATCH = YES;
				"CODE_SIGN_IDENTITY[sdk=iphoneos*]" = "iPhone Developer";
				COPY_PHASE_STRIP = YES;
				ENABLE_NS_ASSERTIONS = NO;
				GCC_C_LANGUAGE_STANDARD = gnu99;
				GCC_WARN_64_TO_32_BIT_CONVERSION = YES;
				GCC_WARN_ABOUT_RETURN_TYPE = YES_ERROR;
				GCC_WARN_UNDECLARED_SELECTOR = YES;
				GCC_WARN_UNINITIALIZED_AUTOS = YES;
				GCC_WARN_UNUSED_FUNCTION = YES;
				GCC_WARN_UNUSED_VARIABLE = YES;
				IPHONEOS_DEPLOYMENT_TARGET = 7.0;
				SDKROOT = iphoneos;
				VALIDATE_PRODUCT = YES;
			};
			name = Release;
		};
		AA5097291849B3890088B0AE /* Debug */ = {
			isa = XCBuildConfiguration;
			buildSettings = {
				ASSETCATALOG_COMPILER_APPICON_NAME = AppIcon;
				ASSETCATALOG_COMPILER_LAUNCHIMAGE_NAME = LaunchImage;
				GCC_PRECOMPILE_PREFIX_HEADER = YES;
				GCC_PREFIX_HEADER = "Example/Example-Prefix.pch";
				INFOPLIST_FILE = "Example/Example-Info.plist";
				PRODUCT_NAME = "$(TARGET_NAME)";
				WRAPPER_EXTENSION = app;
			};
			name = Debug;
		};
		AA50972A1849B3890088B0AE /* Release */ = {
			isa = XCBuildConfiguration;
			buildSettings = {
				ASSETCATALOG_COMPILER_APPICON_NAME = AppIcon;
				ASSETCATALOG_COMPILER_LAUNCHIMAGE_NAME = LaunchImage;
				GCC_PRECOMPILE_PREFIX_HEADER = YES;
				GCC_PREFIX_HEADER = "Example/Example-Prefix.pch";
				INFOPLIST_FILE = "Example/Example-Info.plist";
				PRODUCT_NAME = "$(TARGET_NAME)";
				WRAPPER_EXTENSION = app;
			};
			name = Release;
		};
		AA50972C1849B3890088B0AE /* Debug */ = {
			isa = XCBuildConfiguration;
			buildSettings = {
				ARCHS = "$(ARCHS_STANDARD_INCLUDING_64_BIT)";
				BUNDLE_LOADER = "$(BUILT_PRODUCTS_DIR)/Example.app/Example";
				FRAMEWORK_SEARCH_PATHS = (
					"$(SDKROOT)/Developer/Library/Frameworks",
					"$(inherited)",
					"$(DEVELOPER_FRAMEWORKS_DIR)",
				);
				GCC_PRECOMPILE_PREFIX_HEADER = YES;
				GCC_PREFIX_HEADER = "Example/Example-Prefix.pch";
				GCC_PREPROCESSOR_DEFINITIONS = (
					"DEBUG=1",
					"$(inherited)",
				);
				INFOPLIST_FILE = "ExampleTests/ExampleTests-Info.plist";
				PRODUCT_NAME = "$(TARGET_NAME)";
				TEST_HOST = "$(BUNDLE_LOADER)";
				WRAPPER_EXTENSION = xctest;
			};
			name = Debug;
		};
		AA50972D1849B3890088B0AE /* Release */ = {
			isa = XCBuildConfiguration;
			buildSettings = {
				ARCHS = "$(ARCHS_STANDARD_INCLUDING_64_BIT)";
				BUNDLE_LOADER = "$(BUILT_PRODUCTS_DIR)/Example.app/Example";
				FRAMEWORK_SEARCH_PATHS = (
					"$(SDKROOT)/Developer/Library/Frameworks",
					"$(inherited)",
					"$(DEVELOPER_FRAMEWORKS_DIR)",
				);
				GCC_PRECOMPILE_PREFIX_HEADER = YES;
				GCC_PREFIX_HEADER = "Example/Example-Prefix.pch";
				INFOPLIST_FILE = "ExampleTests/ExampleTests-Info.plist";
				PRODUCT_NAME = "$(TARGET_NAME)";
				TEST_HOST = "$(BUNDLE_LOADER)";
				WRAPPER_EXTENSION = xctest;
			};
			name = Release;
		};
/* End XCBuildConfiguration section */

/* Begin XCConfigurationList section */
		AA5096F11849B3890088B0AE /* Build configuration list for PBXProject "Example" */ = {
			isa = XCConfigurationList;
			buildConfigurations = (
				AA5097261849B3890088B0AE /* Debug */,
				AA5097271849B3890088B0AE /* Release */,
			);
			defaultConfigurationIsVisible = 0;
			defaultConfigurationName = Release;
		};
		AA5097281849B3890088B0AE /* Build configuration list for PBXNativeTarget "Example" */ = {
			isa = XCConfigurationList;
			buildConfigurations = (
				AA5097291849B3890088B0AE /* Debug */,
				AA50972A1849B3890088B0AE /* Release */,
			);
			defaultConfigurationIsVisible = 0;
			defaultConfigurationName = Release;
		};
		AA50972B1849B3890088B0AE /* Build configuration list for PBXNativeTarget "ExampleTests" */ = {
			isa = XCConfigurationList;
			buildConfigurations = (
				AA50972C1849B3890088B0AE /* Debug */,
				AA50972D1849B3890088B0AE /* Release */,
			);
			defaultConfigurationIsVisible = 0;
			defaultConfigurationName = Release;
		};
/* End XCConfigurationList section */
	};
	rootObject = AA5096EE1849B3890088B0AE /* Project object */;
}
